// !$*UTF8*$!
{
	archiveVersion = 1;
	classes = {
	};
	objectVersion = 77;
	objects = {

/* Begin PBXContainerItemProxy section */
		FEF286452E2D1B2C00792E11 /* PBXContainerItemProxy */ = {
			isa = PBXContainerItemProxy;
			containerPortal = FEF2862E2E2D1B2A00792E11 /* Project object */;
			proxyType = 1;
			remoteGlobalIDString = FEF286352E2D1B2A00792E11;
			remoteInfo = VoxMac;
		};
		FEF2864F2E2D1B2C00792E11 /* PBXContainerItemProxy */ = {
			isa = PBXContainerItemProxy;
			containerPortal = FEF2862E2E2D1B2A00792E11 /* Project object */;
			proxyType = 1;
			remoteGlobalIDString = FEF286352E2D1B2A00792E11;
			remoteInfo = VoxMac;
		};
/* End PBXContainerItemProxy section */

/* Begin PBXFileReference section */
		FEF286362E2D1B2A00792E11 /* VoxMac.app */ = {isa = PBXFileReference; explicitFileType = wrapper.application; includeInIndex = 0; path = VoxMac.app; sourceTree = BUILT_PRODUCTS_DIR; };
		FEF286442E2D1B2C00792E11 /* VoxMacTests.xctest */ = {isa = PBXFileReference; explicitFileType = wrapper.cfbundle; includeInIndex = 0; path = VoxMacTests.xctest; sourceTree = BUILT_PRODUCTS_DIR; };
		FEF2864E2E2D1B2C00792E11 /* VoxMacUITests.xctest */ = {isa = PBXFileReference; explicitFileType = wrapper.cfbundle; includeInIndex = 0; path = VoxMacUITests.xctest; sourceTree = BUILT_PRODUCTS_DIR; };
/* End PBXFileReference section */

/* Begin PBXFileSystemSynchronizedRootGroup section */
		FEF286382E2D1B2A00792E11 /* VoxMac */ = {
			isa = PBXFileSystemSynchronizedRootGroup;
			path = VoxMac;
			sourceTree = "<group>";
		};
		FEF286472E2D1B2C00792E11 /* VoxMacTests */ = {
			isa = PBXFileSystemSynchronizedRootGroup;
			path = VoxMacTests;
			sourceTree = "<group>";
		};
		FEF286512E2D1B2C00792E11 /* VoxMacUITests */ = {
			isa = PBXFileSystemSynchronizedRootGroup;
			path = VoxMacUITests;
			sourceTree = "<group>";
		};
/* End PBXFileSystemSynchronizedRootGroup section */

/* Begin PBXFrameworksBuildPhase section */
		FEF286332E2D1B2A00792E11 /* Frameworks */ = {
			isa = PBXFrameworksBuildPhase;
			buildActionMask = 2147483647;
			files = (
			);
			runOnlyForDeploymentPostprocessing = 0;
		};
		FEF286412E2D1B2C00792E11 /* Frameworks */ = {
			isa = PBXFrameworksBuildPhase;
			buildActionMask = 2147483647;
			files = (
			);
			runOnlyForDeploymentPostprocessing = 0;
		};
		FEF2864B2E2D1B2C00792E11 /* Frameworks */ = {
			isa = PBXFrameworksBuildPhase;
			buildActionMask = 2147483647;
			files = (
			);
			runOnlyForDeploymentPostprocessing = 0;
		};
/* End PBXFrameworksBuildPhase section */

/* Begin PBXGroup section */
		FEF2862D2E2D1B2A00792E11 = {
			isa = PBXGroup;
			children = (
				FEF286382E2D1B2A00792E11 /* VoxMac */,
				FEF286472E2D1B2C00792E11 /* VoxMacTests */,
				FEF286512E2D1B2C00792E11 /* VoxMacUITests */,
				FEF286372E2D1B2A00792E11 /* Products */,
			);
			sourceTree = "<group>";
		};
		FEF286372E2D1B2A00792E11 /* Products */ = {
			isa = PBXGroup;
			children = (
				FEF286362E2D1B2A00792E11 /* VoxMac.app */,
				FEF286442E2D1B2C00792E11 /* VoxMacTests.xctest */,
				FEF2864E2E2D1B2C00792E11 /* VoxMacUITests.xctest */,
			);
			name = Products;
			sourceTree = "<group>";
		};
/* End PBXGroup section */

/* Begin PBXNativeTarget section */
		FEF286352E2D1B2A00792E11 /* VoxMac */ = {
			isa = PBXNativeTarget;
			buildConfigurationList = FEF286582E2D1B2C00792E11 /* Build configuration list for PBXNativeTarget "VoxMac" */;
			buildPhases = (
				FEF286322E2D1B2A00792E11 /* Sources */,
				FEF286332E2D1B2A00792E11 /* Frameworks */,
				FEF286342E2D1B2A00792E11 /* Resources */,
			);
			buildRules = (
			);
			dependencies = (
			);
			fileSystemSynchronizedGroups = (
				FEF286382E2D1B2A00792E11 /* VoxMac */,
			);
			name = VoxMac;
			packageProductDependencies = (
			);
			productName = VoxMac;
			productReference = FEF286362E2D1B2A00792E11 /* VoxMac.app */;
			productType = "com.apple.product-type.application";
		};
		FEF286432E2D1B2C00792E11 /* VoxMacTests */ = {
			isa = PBXNativeTarget;
			buildConfigurationList = FEF2865B2E2D1B2C00792E11 /* Build configuration list for PBXNativeTarget "VoxMacTests" */;
			buildPhases = (
				FEF286402E2D1B2C00792E11 /* Sources */,
				FEF286412E2D1B2C00792E11 /* Frameworks */,
				FEF286422E2D1B2C00792E11 /* Resources */,
			);
			buildRules = (
			);
			dependencies = (
				FEF286462E2D1B2C00792E11 /* PBXTargetDependency */,
			);
			fileSystemSynchronizedGroups = (
				FEF286472E2D1B2C00792E11 /* VoxMacTests */,
			);
			name = VoxMacTests;
			packageProductDependencies = (
			);
			productName = VoxMacTests;
			productReference = FEF286442E2D1B2C00792E11 /* VoxMacTests.xctest */;
			productType = "com.apple.product-type.bundle.unit-test";
		};
		FEF2864D2E2D1B2C00792E11 /* VoxMacUITests */ = {
			isa = PBXNativeTarget;
			buildConfigurationList = FEF2865E2E2D1B2C00792E11 /* Build configuration list for PBXNativeTarget "VoxMacUITests" */;
			buildPhases = (
				FEF2864A2E2D1B2C00792E11 /* Sources */,
				FEF2864B2E2D1B2C00792E11 /* Frameworks */,
				FEF2864C2E2D1B2C00792E11 /* Resources */,
			);
			buildRules = (
			);
			dependencies = (
				FEF286502E2D1B2C00792E11 /* PBXTargetDependency */,
			);
			fileSystemSynchronizedGroups = (
				FEF286512E2D1B2C00792E11 /* VoxMacUITests */,
			);
			name = VoxMacUITests;
			packageProductDependencies = (
			);
			productName = VoxMacUITests;
			productReference = FEF2864E2E2D1B2C00792E11 /* VoxMacUITests.xctest */;
			productType = "com.apple.product-type.bundle.ui-testing";
		};
/* End PBXNativeTarget section */

/* Begin PBXProject section */
		FEF2862E2E2D1B2A00792E11 /* Project object */ = {
			isa = PBXProject;
			attributes = {
				BuildIndependentTargetsInParallel = 1;
				LastSwiftUpdateCheck = 1640;
				LastUpgradeCheck = 1640;
				TargetAttributes = {
					FEF286352E2D1B2A00792E11 = {
						CreatedOnToolsVersion = 16.4;
					};
					FEF286432E2D1B2C00792E11 = {
						CreatedOnToolsVersion = 16.4;
						TestTargetID = FEF286352E2D1B2A00792E11;
					};
					FEF2864D2E2D1B2C00792E11 = {
						CreatedOnToolsVersion = 16.4;
						TestTargetID = FEF286352E2D1B2A00792E11;
					};
				};
			};
			buildConfigurationList = FEF286312E2D1B2A00792E11 /* Build configuration list for PBXProject "VoxMac" */;
			developmentRegion = en;
			hasScannedForEncodings = 0;
			knownRegions = (
				en,
				Base,
			);
			mainGroup = FEF2862D2E2D1B2A00792E11;
			minimizedProjectReferenceProxies = 1;
			preferredProjectObjectVersion = 77;
			productRefGroup = FEF286372E2D1B2A00792E11 /* Products */;
			projectDirPath = "";
			projectRoot = "";
			targets = (
				FEF286352E2D1B2A00792E11 /* VoxMac */,
				FEF286432E2D1B2C00792E11 /* VoxMacTests */,
				FEF2864D2E2D1B2C00792E11 /* VoxMacUITests */,
			);
		};
/* End PBXProject section */

/* Begin PBXResourcesBuildPhase section */
		FEF286342E2D1B2A00792E11 /* Resources */ = {
			isa = PBXResourcesBuildPhase;
			buildActionMask = 2147483647;
			files = (
			);
			runOnlyForDeploymentPostprocessing = 0;
		};
		FEF286422E2D1B2C00792E11 /* Resources */ = {
			isa = PBXResourcesBuildPhase;
			buildActionMask = 2147483647;
			files = (
			);
			runOnlyForDeploymentPostprocessing = 0;
		};
		FEF2864C2E2D1B2C00792E11 /* Resources */ = {
			isa = PBXResourcesBuildPhase;
			buildActionMask = 2147483647;
			files = (
			);
			runOnlyForDeploymentPostprocessing = 0;
		};
/* End PBXResourcesBuildPhase section */

/* Begin PBXSourcesBuildPhase section */
		FEF286322E2D1B2A00792E11 /* Sources */ = {
			isa = PBXSourcesBuildPhase;
			buildActionMask = 2147483647;
			files = (
			);
			runOnlyForDeploymentPostprocessing = 0;
		};
		FEF286402E2D1B2C00792E11 /* Sources */ = {
			isa = PBXSourcesBuildPhase;
			buildActionMask = 2147483647;
			files = (
			);
			runOnlyForDeploymentPostprocessing = 0;
		};
		FEF2864A2E2D1B2C00792E11 /* Sources */ = {
			isa = PBXSourcesBuildPhase;
			buildActionMask = 2147483647;
			files = (
			);
			runOnlyForDeploymentPostprocessing = 0;
		};
/* End PBXSourcesBuildPhase section */

/* Begin PBXTargetDependency section */
		FEF286462E2D1B2C00792E11 /* PBXTargetDependency */ = {
			isa = PBXTargetDependency;
			target = FEF286352E2D1B2A00792E11 /* VoxMac */;
			targetProxy = FEF286452E2D1B2C00792E11 /* PBXContainerItemProxy */;
		};
		FEF286502E2D1B2C00792E11 /* PBXTargetDependency */ = {
			isa = PBXTargetDependency;
			target = FEF286352E2D1B2A00792E11 /* VoxMac */;
			targetProxy = FEF2864F2E2D1B2C00792E11 /* PBXContainerItemProxy */;
		};
/* End PBXTargetDependency section */

/* Begin XCBuildConfiguration section */
		FEF286562E2D1B2C00792E11 /* Debug */ = {
			isa = XCBuildConfiguration;
			buildSettings = {
				ALWAYS_SEARCH_USER_PATHS = NO;
				ASSETCATALOG_COMPILER_GENERATE_SWIFT_ASSET_SYMBOL_EXTENSIONS = YES;
				CLANG_ANALYZER_NONNULL = YES;
				CLANG_ANALYZER_NUMBER_OBJECT_CONVERSION = YES_AGGRESSIVE;
				CLANG_CXX_LANGUAGE_STANDARD = "gnu++20";
				CLANG_ENABLE_MODULES = YES;
				CLANG_ENABLE_OBJC_ARC = YES;
				CLANG_ENABLE_OBJC_WEAK = YES;
				CLANG_WARN_BLOCK_CAPTURE_AUTORELEASING = YES;
				CLANG_WARN_BOOL_CONVERSION = YES;
				CLANG_WARN_COMMA = YES;
				CLANG_WARN_CONSTANT_CONVERSION = YES;
				CLANG_WARN_DEPRECATED_OBJC_IMPLEMENTATIONS = YES;
				CLANG_WARN_DIRECT_OBJC_ISA_USAGE = YES_ERROR;
				CLANG_WARN_DOCUMENTATION_COMMENTS = YES;
				CLANG_WARN_EMPTY_BODY = YES;
				CLANG_WARN_ENUM_CONVERSION = YES;
				CLANG_WARN_INFINITE_RECURSION = YES;
				CLANG_WARN_INT_CONVERSION = YES;
				CLANG_WARN_NON_LITERAL_NULL_CONVERSION = YES;
				CLANG_WARN_OBJC_IMPLICIT_RETAIN_SELF = YES;
				CLANG_WARN_OBJC_LITERAL_CONVERSION = YES;
				CLANG_WARN_OBJC_ROOT_CLASS = YES_ERROR;
				CLANG_WARN_QUOTED_INCLUDE_IN_FRAMEWORK_HEADER = YES;
				CLANG_WARN_RANGE_LOOP_ANALYSIS = YES;
				CLANG_WARN_STRICT_PROTOTYPES = YES;
				CLANG_WARN_SUSPICIOUS_MOVE = YES;
				CLANG_WARN_UNGUARDED_AVAILABILITY = YES_AGGRESSIVE;
				CLANG_WARN_UNREACHABLE_CODE = YES;
				CLANG_WARN__DUPLICATE_METHOD_MATCH = YES;
				COPY_PHASE_STRIP = NO;
				DEBUG_INFORMATION_FORMAT = dwarf;
				ENABLE_STRICT_OBJC_MSGSEND = YES;
				ENABLE_TESTABILITY = YES;
				ENABLE_USER_SCRIPT_SANDBOXING = YES;
				GCC_C_LANGUAGE_STANDARD = gnu17;
				GCC_DYNAMIC_NO_PIC = NO;
				GCC_NO_COMMON_BLOCKS = YES;
				GCC_OPTIMIZATION_LEVEL = 0;
				GCC_PREPROCESSOR_DEFINITIONS = (
					"DEBUG=1",
					"$(inherited)",
				);
				GCC_WARN_64_TO_32_BIT_CONVERSION = YES;
				GCC_WARN_ABOUT_RETURN_TYPE = YES_ERROR;
				GCC_WARN_UNDECLARED_SELECTOR = YES;
				GCC_WARN_UNINITIALIZED_AUTOS = YES_AGGRESSIVE;
				GCC_WARN_UNUSED_FUNCTION = YES;
				GCC_WARN_UNUSED_VARIABLE = YES;
				LOCALIZATION_PREFERS_STRING_CATALOGS = YES;
				MACOSX_DEPLOYMENT_TARGET = 15.5;
				MTL_ENABLE_DEBUG_INFO = INCLUDE_SOURCE;
				MTL_FAST_MATH = YES;
				ONLY_ACTIVE_ARCH = YES;
				SDKROOT = macosx;
				SWIFT_ACTIVE_COMPILATION_CONDITIONS = "DEBUG $(inherited)";
				SWIFT_OPTIMIZATION_LEVEL = "-Onone";
			};
			name = Debug;
		};
		FEF286572E2D1B2C00792E11 /* Release */ = {
			isa = XCBuildConfiguration;
			buildSettings = {
				ALWAYS_SEARCH_USER_PATHS = NO;
				ASSETCATALOG_COMPILER_GENERATE_SWIFT_ASSET_SYMBOL_EXTENSIONS = YES;
				CLANG_ANALYZER_NONNULL = YES;
				CLANG_ANALYZER_NUMBER_OBJECT_CONVERSION = YES_AGGRESSIVE;
				CLANG_CXX_LANGUAGE_STANDARD = "gnu++20";
				CLANG_ENABLE_MODULES = YES;
				CLANG_ENABLE_OBJC_ARC = YES;
				CLANG_ENABLE_OBJC_WEAK = YES;
				CLANG_WARN_BLOCK_CAPTURE_AUTORELEASING = YES;
				CLANG_WARN_BOOL_CONVERSION = YES;
				CLANG_WARN_COMMA = YES;
				CLANG_WARN_CONSTANT_CONVERSION = YES;
				CLANG_WARN_DEPRECATED_OBJC_IMPLEMENTATIONS = YES;
				CLANG_WARN_DIRECT_OBJC_ISA_USAGE = YES_ERROR;
				CLANG_WARN_DOCUMENTATION_COMMENTS = YES;
				CLANG_WARN_EMPTY_BODY = YES;
				CLANG_WARN_ENUM_CONVERSION = YES;
				CLANG_WARN_INFINITE_RECURSION = YES;
				CLANG_WARN_INT_CONVERSION = YES;
				CLANG_WARN_NON_LITERAL_NULL_CONVERSION = YES;
				CLANG_WARN_OBJC_IMPLICIT_RETAIN_SELF = YES;
				CLANG_WARN_OBJC_LITERAL_CONVERSION = YES;
				CLANG_WARN_OBJC_ROOT_CLASS = YES_ERROR;
				CLANG_WARN_QUOTED_INCLUDE_IN_FRAMEWORK_HEADER = YES;
				CLANG_WARN_RANGE_LOOP_ANALYSIS = YES;
				CLANG_WARN_STRICT_PROTOTYPES = YES;
				CLANG_WARN_SUSPICIOUS_MOVE = YES;
				CLANG_WARN_UNGUARDED_AVAILABILITY = YES_AGGRESSIVE;
				CLANG_WARN_UNREACHABLE_CODE = YES;
				CLANG_WARN__DUPLICATE_METHOD_MATCH = YES;
				COPY_PHASE_STRIP = NO;
				DEBUG_INFORMATION_FORMAT = "dwarf-with-dsym";
				ENABLE_NS_ASSERTIONS = NO;
				ENABLE_STRICT_OBJC_MSGSEND = YES;
				ENABLE_USER_SCRIPT_SANDBOXING = YES;
				GCC_C_LANGUAGE_STANDARD = gnu17;
				GCC_NO_COMMON_BLOCKS = YES;
				GCC_WARN_64_TO_32_BIT_CONVERSION = YES;
				GCC_WARN_ABOUT_RETURN_TYPE = YES_ERROR;
				GCC_WARN_UNDECLARED_SELECTOR = YES;
				GCC_WARN_UNINITIALIZED_AUTOS = YES_AGGRESSIVE;
				GCC_WARN_UNUSED_FUNCTION = YES;
				GCC_WARN_UNUSED_VARIABLE = YES;
				LOCALIZATION_PREFERS_STRING_CATALOGS = YES;
				MACOSX_DEPLOYMENT_TARGET = 15.5;
				MTL_ENABLE_DEBUG_INFO = NO;
				MTL_FAST_MATH = YES;
				SDKROOT = macosx;
				SWIFT_COMPILATION_MODE = wholemodule;
			};
			name = Release;
		};
		FEF286592E2D1B2C00792E11 /* Debug */ = {
			isa = XCBuildConfiguration;
			buildSettings = {
				ASSETCATALOG_COMPILER_APPICON_NAME = AppIcon;
				ASSETCATALOG_COMPILER_GLOBAL_ACCENT_COLOR_NAME = AccentColor;
				CODE_SIGN_ENTITLEMENTS = VoxMac/VoxMac.entitlements;
				CODE_SIGN_STYLE = Automatic;
				COMBINE_HIDPI_IMAGES = YES;
				CURRENT_PROJECT_VERSION = 1;
				ENABLE_PREVIEWS = YES;
				GENERATE_INFOPLIST_FILE = YES;
				INFOPLIST_KEY_NSHumanReadableCopyright = "";
				LD_RUNPATH_SEARCH_PATHS = (
					"$(inherited)",
					"@executable_path/../Frameworks",
				);
				MARKETING_VERSION = 1.0;
				PRODUCT_BUNDLE_IDENTIFIER = com.supermuel.VoxMac;
				PRODUCT_NAME = "$(TARGET_NAME)";
				REGISTER_APP_GROUPS = YES;
				SWIFT_EMIT_LOC_STRINGS = YES;
				SWIFT_VERSION = 5.0;
			};
			name = Debug;
		};
		FEF2865A2E2D1B2C00792E11 /* Release */ = {
			isa = XCBuildConfiguration;
			buildSettings = {
				ASSETCATALOG_COMPILER_APPICON_NAME = AppIcon;
				ASSETCATALOG_COMPILER_GLOBAL_ACCENT_COLOR_NAME = AccentColor;
				CODE_SIGN_ENTITLEMENTS = VoxMac/VoxMac.entitlements;
				CODE_SIGN_STYLE = Automatic;
				COMBINE_HIDPI_IMAGES = YES;
				CURRENT_PROJECT_VERSION = 1;
				ENABLE_PREVIEWS = YES;
				GENERATE_INFOPLIST_FILE = YES;
				INFOPLIST_KEY_NSHumanReadableCopyright = "";
				LD_RUNPATH_SEARCH_PATHS = (
					"$(inherited)",
					"@executable_path/../Frameworks",
				);
				MARKETING_VERSION = 1.0;
				PRODUCT_BUNDLE_IDENTIFIER = com.supermuel.VoxMac;
				PRODUCT_NAME = "$(TARGET_NAME)";
				REGISTER_APP_GROUPS = YES;
				SWIFT_EMIT_LOC_STRINGS = YES;
				SWIFT_VERSION = 5.0;
			};
			name = Release;
		};
		FEF2865C2E2D1B2C00792E11 /* Debug */ = {
			isa = XCBuildConfiguration;
			buildSettings = {
				BUNDLE_LOADER = "$(TEST_HOST)";
				CODE_SIGN_STYLE = Automatic;
				CURRENT_PROJECT_VERSION = 1;
				GENERATE_INFOPLIST_FILE = YES;
				MACOSX_DEPLOYMENT_TARGET = 15.5;
				MARKETING_VERSION = 1.0;
				PRODUCT_BUNDLE_IDENTIFIER = com.supermuel.VoxMacTests;
				PRODUCT_NAME = "$(TARGET_NAME)";
				SWIFT_EMIT_LOC_STRINGS = NO;
				SWIFT_VERSION = 5.0;
				TEST_HOST = "$(BUILT_PRODUCTS_DIR)/VoxMac.app/$(BUNDLE_EXECUTABLE_FOLDER_PATH)/VoxMac";
			};
			name = Debug;
		};
		FEF2865D2E2D1B2C00792E11 /* Release */ = {
			isa = XCBuildConfiguration;
			buildSettings = {
				BUNDLE_LOADER = "$(TEST_HOST)";
				CODE_SIGN_STYLE = Automatic;
				CURRENT_PROJECT_VERSION = 1;
				GENERATE_INFOPLIST_FILE = YES;
				MACOSX_DEPLOYMENT_TARGET = 15.5;
				MARKETING_VERSION = 1.0;
				PRODUCT_BUNDLE_IDENTIFIER = com.supermuel.VoxMacTests;
				PRODUCT_NAME = "$(TARGET_NAME)";
				SWIFT_EMIT_LOC_STRINGS = NO;
				SWIFT_VERSION = 5.0;
				TEST_HOST = "$(BUILT_PRODUCTS_DIR)/VoxMac.app/$(BUNDLE_EXECUTABLE_FOLDER_PATH)/VoxMac";
			};
			name = Release;
		};
		FEF2865F2E2D1B2C00792E11 /* Debug */ = {
			isa = XCBuildConfiguration;
			buildSettings = {
				CODE_SIGN_STYLE = Automatic;
				CURRENT_PROJECT_VERSION = 1;
				GENERATE_INFOPLIST_FILE = YES;
				MARKETING_VERSION = 1.0;
				PRODUCT_BUNDLE_IDENTIFIER = com.supermuel.VoxMacUITests;
				PRODUCT_NAME = "$(TARGET_NAME)";
				SWIFT_EMIT_LOC_STRINGS = NO;
				SWIFT_VERSION = 5.0;
				TEST_TARGET_NAME = VoxMac;
			};
			name = Debug;
		};
		FEF286602E2D1B2C00792E11 /* Release */ = {
			isa = XCBuildConfiguration;
			buildSettings = {
				CODE_SIGN_STYLE = Automatic;
				CURRENT_PROJECT_VERSION = 1;
				GENERATE_INFOPLIST_FILE = YES;
				MARKETING_VERSION = 1.0;
				PRODUCT_BUNDLE_IDENTIFIER = com.supermuel.VoxMacUITests;
				PRODUCT_NAME = "$(TARGET_NAME)";
				SWIFT_EMIT_LOC_STRINGS = NO;
				SWIFT_VERSION = 5.0;
				TEST_TARGET_NAME = VoxMac;
			};
			name = Release;
		};
/* End XCBuildConfiguration section */

/* Begin XCConfigurationList section */
		FEF286312E2D1B2A00792E11 /* Build configuration list for PBXProject "VoxMac" */ = {
			isa = XCConfigurationList;
			buildConfigurations = (
				FEF286562E2D1B2C00792E11 /* Debug */,
				FEF286572E2D1B2C00792E11 /* Release */,
			);
			defaultConfigurationIsVisible = 0;
			defaultConfigurationName = Release;
		};
		FEF286582E2D1B2C00792E11 /* Build configuration list for PBXNativeTarget "VoxMac" */ = {
			isa = XCConfigurationList;
			buildConfigurations = (
				FEF286592E2D1B2C00792E11 /* Debug */,
				FEF2865A2E2D1B2C00792E11 /* Release */,
			);
			defaultConfigurationIsVisible = 0;
			defaultConfigurationName = Release;
		};
		FEF2865B2E2D1B2C00792E11 /* Build configuration list for PBXNativeTarget "VoxMacTests" */ = {
			isa = XCConfigurationList;
			buildConfigurations = (
				FEF2865C2E2D1B2C00792E11 /* Debug */,
				FEF2865D2E2D1B2C00792E11 /* Release */,
			);
			defaultConfigurationIsVisible = 0;
			defaultConfigurationName = Release;
		};
		FEF2865E2E2D1B2C00792E11 /* Build configuration list for PBXNativeTarget "VoxMacUITests" */ = {
			isa = XCConfigurationList;
			buildConfigurations = (
				FEF2865F2E2D1B2C00792E11 /* Debug */,
				FEF286602E2D1B2C00792E11 /* Release */,
			);
			defaultConfigurationIsVisible = 0;
			defaultConfigurationName = Release;
		};
/* End XCConfigurationList section */
	};
	rootObject = FEF2862E2E2D1B2A00792E11 /* Project object */;
}
